
Microsoft Visual Studio Solution File, Format Version 12.00
# Visual Studio 14
VisualStudioVersion = 14.0.23107.0
MinimumVisualStudioVersion = 10.0.40219.1
Project("{FAE04EC0-301F-11D3-BF4B-00C04F79EFBC}") = "RadCms", "RadCms\RadCms.csproj", "{F11C50EF-F0FC-4472-8C5E-DEDC0AA072A4}"
EndProject
Project("{FAE04EC0-301F-11D3-BF4B-00C04F79EFBC}") = "RadCms.Web", "RadCms.Web\RadCms.Web.csproj", "{088B2D6D-50C7-4A2E-8BE3-4AC97298560C}"
EndProject
Project("{2150E333-8FDC-42A3-9474-1A3956D46DE8}") = "Tests", "Tests", "{0ECF5465-22B2-407C-98E6-6AB83FCA7895}"
EndProject
Project("{FAE04EC0-301F-11D3-BF4B-00C04F79EFBC}") = "RadCms.Tests", "RadCms.Tests\RadCms.Tests.csproj", "{BCECD3A1-69BF-4025-8192-EF8F74FC5F49}"
EndProject
Project("{FAE04EC0-301F-11D3-BF4B-00C04F79EFBC}") = "RadCms.Core", "RadCms.Web\Core\RadCms.Core.csproj", "{2C50EB6A-381E-4813-A27F-85517A90978B}"
EndProject
Project("{FAE04EC0-301F-11D3-BF4B-00C04F79EFBC}") = "RadCms.Core.Tests", "RadCms.Core.Tests\RadCms.Core.Tests.csproj", "{864C0AE8-576B-4CA9-9796-9793DBC33DF9}"
EndProject
Project("{FAE04EC0-301F-11D3-BF4B-00C04F79EFBC}") = "RadCms.Tests.Modules", "RadCms.Tests.Modules\RadCms.Tests.Modules.csproj", "{BE28D942-7754-4888-99D4-218078128D52}"
EndProject
Global
	GlobalSection(SolutionConfigurationPlatforms) = preSolution
		CMS DEBUG|Any CPU = CMS DEBUG|Any CPU
		CMS|Any CPU = CMS|Any CPU
		Debug|Any CPU = Debug|Any CPU
		PUB DEBUG|Any CPU = PUB DEBUG|Any CPU
		PUB|Any CPU = PUB|Any CPU
		Release|Any CPU = Release|Any CPU
	EndGlobalSection
	GlobalSection(ProjectConfigurationPlatforms) = postSolution
		{F11C50EF-F0FC-4472-8C5E-DEDC0AA072A4}.CMS DEBUG|Any CPU.ActiveCfg = CMS DEBUG|Any CPU
		{F11C50EF-F0FC-4472-8C5E-DEDC0AA072A4}.CMS DEBUG|Any CPU.Build.0 = CMS DEBUG|Any CPU
		{F11C50EF-F0FC-4472-8C5E-DEDC0AA072A4}.CMS|Any CPU.ActiveCfg = CMS|Any CPU
		{F11C50EF-F0FC-4472-8C5E-DEDC0AA072A4}.CMS|Any CPU.Build.0 = CMS|Any CPU
		{F11C50EF-F0FC-4472-8C5E-DEDC0AA072A4}.Debug|Any CPU.ActiveCfg = PUB|Any CPU
		{F11C50EF-F0FC-4472-8C5E-DEDC0AA072A4}.Debug|Any CPU.Build.0 = PUB|Any CPU
		{F11C50EF-F0FC-4472-8C5E-DEDC0AA072A4}.PUB DEBUG|Any CPU.ActiveCfg = PUB DEBUG|Any CPU
		{F11C50EF-F0FC-4472-8C5E-DEDC0AA072A4}.PUB DEBUG|Any CPU.Build.0 = PUB DEBUG|Any CPU
		{F11C50EF-F0FC-4472-8C5E-DEDC0AA072A4}.PUB|Any CPU.ActiveCfg = PUB|Any CPU
		{F11C50EF-F0FC-4472-8C5E-DEDC0AA072A4}.PUB|Any CPU.Build.0 = PUB|Any CPU
		{F11C50EF-F0FC-4472-8C5E-DEDC0AA072A4}.Release|Any CPU.ActiveCfg = PUB|Any CPU
		{F11C50EF-F0FC-4472-8C5E-DEDC0AA072A4}.Release|Any CPU.Build.0 = PUB|Any CPU
		{088B2D6D-50C7-4A2E-8BE3-4AC97298560C}.CMS DEBUG|Any CPU.ActiveCfg = CMS DEBUG|Any CPU
		{088B2D6D-50C7-4A2E-8BE3-4AC97298560C}.CMS DEBUG|Any CPU.Build.0 = CMS DEBUG|Any CPU
		{088B2D6D-50C7-4A2E-8BE3-4AC97298560C}.CMS|Any CPU.ActiveCfg = CMS|Any CPU
		{088B2D6D-50C7-4A2E-8BE3-4AC97298560C}.CMS|Any CPU.Build.0 = CMS|Any CPU
		{088B2D6D-50C7-4A2E-8BE3-4AC97298560C}.Debug|Any CPU.ActiveCfg = PUB DEBUG|Any CPU
		{088B2D6D-50C7-4A2E-8BE3-4AC97298560C}.Debug|Any CPU.Build.0 = PUB DEBUG|Any CPU
		{088B2D6D-50C7-4A2E-8BE3-4AC97298560C}.PUB DEBUG|Any CPU.ActiveCfg = PUB DEBUG|Any CPU
		{088B2D6D-50C7-4A2E-8BE3-4AC97298560C}.PUB DEBUG|Any CPU.Build.0 = PUB DEBUG|Any CPU
		{088B2D6D-50C7-4A2E-8BE3-4AC97298560C}.PUB|Any CPU.ActiveCfg = PUB|Any CPU
		{088B2D6D-50C7-4A2E-8BE3-4AC97298560C}.PUB|Any CPU.Build.0 = PUB|Any CPU
		{088B2D6D-50C7-4A2E-8BE3-4AC97298560C}.Release|Any CPU.ActiveCfg = Release|Any CPU
		{088B2D6D-50C7-4A2E-8BE3-4AC97298560C}.Release|Any CPU.Build.0 = Release|Any CPU
		{BCECD3A1-69BF-4025-8192-EF8F74FC5F49}.CMS DEBUG|Any CPU.ActiveCfg = CMS DEBUG|Any CPU
		{BCECD3A1-69BF-4025-8192-EF8F74FC5F49}.CMS DEBUG|Any CPU.Build.0 = CMS DEBUG|Any CPU
		{BCECD3A1-69BF-4025-8192-EF8F74FC5F49}.CMS|Any CPU.ActiveCfg = CMS|Any CPU
		{BCECD3A1-69BF-4025-8192-EF8F74FC5F49}.CMS|Any CPU.Build.0 = CMS|Any CPU
		{BCECD3A1-69BF-4025-8192-EF8F74FC5F49}.Debug|Any CPU.ActiveCfg = PUB|Any CPU
		{BCECD3A1-69BF-4025-8192-EF8F74FC5F49}.Debug|Any CPU.Build.0 = PUB|Any CPU
		{BCECD3A1-69BF-4025-8192-EF8F74FC5F49}.PUB DEBUG|Any CPU.ActiveCfg = PUB DEBUG|Any CPU
		{BCECD3A1-69BF-4025-8192-EF8F74FC5F49}.PUB DEBUG|Any CPU.Build.0 = PUB DEBUG|Any CPU
		{BCECD3A1-69BF-4025-8192-EF8F74FC5F49}.PUB|Any CPU.ActiveCfg = PUB|Any CPU
		{BCECD3A1-69BF-4025-8192-EF8F74FC5F49}.PUB|Any CPU.Build.0 = PUB|Any CPU
		{BCECD3A1-69BF-4025-8192-EF8F74FC5F49}.Release|Any CPU.ActiveCfg = PUB|Any CPU
		{BCECD3A1-69BF-4025-8192-EF8F74FC5F49}.Release|Any CPU.Build.0 = PUB|Any CPU
		{2C50EB6A-381E-4813-A27F-85517A90978B}.CMS DEBUG|Any CPU.ActiveCfg = CMS DEBUG|Any CPU
		{2C50EB6A-381E-4813-A27F-85517A90978B}.CMS DEBUG|Any CPU.Build.0 = CMS DEBUG|Any CPU
		{2C50EB6A-381E-4813-A27F-85517A90978B}.CMS|Any CPU.ActiveCfg = CMS|Any CPU
		{2C50EB6A-381E-4813-A27F-85517A90978B}.CMS|Any CPU.Build.0 = CMS|Any CPU
		{2C50EB6A-381E-4813-A27F-85517A90978B}.Debug|Any CPU.ActiveCfg = Release|Any CPU
		{2C50EB6A-381E-4813-A27F-85517A90978B}.Debug|Any CPU.Build.0 = Release|Any CPU
		{2C50EB6A-381E-4813-A27F-85517A90978B}.PUB DEBUG|Any CPU.ActiveCfg = PUB DEBUG|Any CPU
		{2C50EB6A-381E-4813-A27F-85517A90978B}.PUB DEBUG|Any CPU.Build.0 = PUB DEBUG|Any CPU
		{2C50EB6A-381E-4813-A27F-85517A90978B}.PUB|Any CPU.ActiveCfg = PUB|Any CPU
		{2C50EB6A-381E-4813-A27F-85517A90978B}.PUB|Any CPU.Build.0 = PUB|Any CPU
		{2C50EB6A-381E-4813-A27F-85517A90978B}.Release|Any CPU.ActiveCfg = Release|Any CPU
		{2C50EB6A-381E-4813-A27F-85517A90978B}.Release|Any CPU.Build.0 = Release|Any CPU
		{864C0AE8-576B-4CA9-9796-9793DBC33DF9}.CMS DEBUG|Any CPU.ActiveCfg = CMS DEBUG|Any CPU
		{864C0AE8-576B-4CA9-9796-9793DBC33DF9}.CMS DEBUG|Any CPU.Build.0 = CMS DEBUG|Any CPU
		{864C0AE8-576B-4CA9-9796-9793DBC33DF9}.CMS|Any CPU.ActiveCfg = Release|Any CPU
		{864C0AE8-576B-4CA9-9796-9793DBC33DF9}.CMS|Any CPU.Build.0 = Release|Any CPU
		{864C0AE8-576B-4CA9-9796-9793DBC33DF9}.Debug|Any CPU.ActiveCfg = Debug|Any CPU
		{864C0AE8-576B-4CA9-9796-9793DBC33DF9}.Debug|Any CPU.Build.0 = Debug|Any CPU
		{864C0AE8-576B-4CA9-9796-9793DBC33DF9}.PUB DEBUG|Any CPU.ActiveCfg = Release|Any CPU
		{864C0AE8-576B-4CA9-9796-9793DBC33DF9}.PUB DEBUG|Any CPU.Build.0 = Release|Any CPU
		{864C0AE8-576B-4CA9-9796-9793DBC33DF9}.PUB|Any CPU.ActiveCfg = Release|Any CPU
		{864C0AE8-576B-4CA9-9796-9793DBC33DF9}.PUB|Any CPU.Build.0 = Release|Any CPU
		{864C0AE8-576B-4CA9-9796-9793DBC33DF9}.Release|Any CPU.ActiveCfg = Release|Any CPU
		{864C0AE8-576B-4CA9-9796-9793DBC33DF9}.Release|Any CPU.Build.0 = Release|Any CPU
		{BE28D942-7754-4888-99D4-218078128D52}.CMS DEBUG|Any CPU.ActiveCfg = Debug|Any CPU
		{BE28D942-7754-4888-99D4-218078128D52}.CMS DEBUG|Any CPU.Build.0 = Debug|Any CPU
		{BE28D942-7754-4888-99D4-218078128D52}.CMS|Any CPU.ActiveCfg = Release|Any CPU
		{BE28D942-7754-4888-99D4-218078128D52}.CMS|Any CPU.Build.0 = Release|Any CPU
		{BE28D942-7754-4888-99D4-218078128D52}.Debug|Any CPU.ActiveCfg = Debug|Any CPU
		{BE28D942-7754-4888-99D4-218078128D52}.Debug|Any CPU.Build.0 = Debug|Any CPU
		{BE28D942-7754-4888-99D4-218078128D52}.PUB DEBUG|Any CPU.ActiveCfg = Release|Any CPU
		{BE28D942-7754-4888-99D4-218078128D52}.PUB DEBUG|Any CPU.Build.0 = Release|Any CPU
		{BE28D942-7754-4888-99D4-218078128D52}.PUB|Any CPU.ActiveCfg = Release|Any CPU
		{BE28D942-7754-4888-99D4-218078128D52}.PUB|Any CPU.Build.0 = Release|Any CPU
		{BE28D942-7754-4888-99D4-218078128D52}.Release|Any CPU.ActiveCfg = Release|Any CPU
		{BE28D942-7754-4888-99D4-218078128D52}.Release|Any CPU.Build.0 = Release|Any CPU
	EndGlobalSection
	GlobalSection(SolutionProperties) = preSolution
		HideSolutionNode = FALSE
	EndGlobalSection
	GlobalSection(NestedProjects) = preSolution
		{BCECD3A1-69BF-4025-8192-EF8F74FC5F49} = {0ECF5465-22B2-407C-98E6-6AB83FCA7895}
		{864C0AE8-576B-4CA9-9796-9793DBC33DF9} = {0ECF5465-22B2-407C-98E6-6AB83FCA7895}
		{BE28D942-7754-4888-99D4-218078128D52} = {0ECF5465-22B2-407C-98E6-6AB83FCA7895}
	EndGlobalSection
	GlobalSection(TeamFoundationVersionControl) = preSolution
		SccNumberOfProjects = 7
		SccEnterpriseProvider = {4CA58AB2-18FA-4F8D-95D4-32DDF27D184C}
		SccTeamFoundationServer = http://frahqewas006vg:8080/tfs/defaultcollection
		SccLocalPath0 = .
		SccProjectUniqueName1 = RadCms.Core.Tests\\RadCms.Core.Tests.csproj
		SccProjectTopLevelParentUniqueName1 = RadCms.sln
		SccProjectName1 = RadCms.Core.Tests
		SccLocalPath1 = RadCms.Core.Tests
		SccProjectUniqueName2 = RadCms.Tests.Modules\\RadCms.Tests.Modules.csproj
		SccProjectTopLevelParentUniqueName2 = RadCms.sln
		SccProjectName2 = RadCms.Tests.Modules
		SccLocalPath2 = RadCms.Tests.Modules
		SccProjectUniqueName3 = RadCms.Tests\\RadCms.Tests.csproj
		SccProjectTopLevelParentUniqueName3 = RadCms.sln
		SccProjectName3 = RadCms.Tests
		SccLocalPath3 = RadCms.Tests
		SccProjectUniqueName4 = RadCms.Web\\Core\\RadCms.Core.csproj
		SccProjectName4 = RadCms.Web/Core
		SccLocalPath4 = RadCms.Web\\Core
		SccProjectUniqueName5 = RadCms.Web\\RadCms.Web.csproj
		SccProjectName5 = RadCms.Web
		SccLocalPath5 = RadCms.Web
		SccProjectUniqueName6 = RadCms\\RadCms.csproj
		SccProjectName6 = RadCms
		SccLocalPath6 = RadCms
	EndGlobalSection
EndGlobal
